
Microsoft Visual Studio Solution File, Format Version 12.00
# Visual Studio Version 17
VisualStudioVersion = 17.14.36603.0 d17.14
MinimumVisualStudioVersion = 10.0.40219.1
Project("{FAE04EC0-301F-11D3-BF4B-00C04F79EFBC}") = "Rock,Paper,Scissor", "Rock,Paper,Scissor.csproj", "{6DC22344-FDBD-4D4A-9793-770CA1232EC8}"
EndProject
Global
	GlobalSection(SolutionConfigurationPlatforms) = preSolution
		Debug|Any CPU = Debug|Any CPU
		Release|Any CPU = Release|Any CPU
	EndGlobalSection
	GlobalSection(ProjectConfigurationPlatforms) = postSolution
		{6DC22344-FDBD-4D4A-9793-770CA1232EC8}.Debug|Any CPU.ActiveCfg = Debug|Any CPU
		{6DC22344-FDBD-4D4A-9793-770CA1232EC8}.Debug|Any CPU.Build.0 = Debug|Any CPU
		{6DC22344-FDBD-4D4A-9793-770CA1232EC8}.Release|Any CPU.ActiveCfg = Release|Any CPU
		{6DC22344-FDBD-4D4A-9793-770CA1232EC8}.Release|Any CPU.Build.0 = Release|Any CPU
	EndGlobalSection
	GlobalSection(SolutionProperties) = preSolution
		HideSolutionNode = FALSE
	EndGlobalSection
	GlobalSection(ExtensibilityGlobals) = postSolution
		SolutionGuid = {142484D5-FC77-487A-9C47-1DFBA642AB09}
	EndGlobalSection
EndGlobal
